
Microsoft Visual Studio Solution File, Format Version 12.00
# Visual Studio Version 16
VisualStudioVersion = 16.0.30517.126
MinimumVisualStudioVersion = 10.0.40219.1
Project("{FAE04EC0-301F-11D3-BF4B-00C04F79EFBC}") = "KdAPI_Demo", "KdAPI_Demo\KdAPI_Demo.csproj", "{A9EB736F-3B31-4D59-9CC8-12773EC072B7}"
EndProject
Global
	GlobalSection(SolutionConfigurationPlatforms) = preSolution
		Debug|Any CPU = Debug|Any CPU
		Release|Any CPU = Release|Any CPU
	EndGlobalSection
	GlobalSection(ProjectConfigurationPlatforms) = postSolution
		{A9EB736F-3B31-4D59-9CC8-12773EC072B7}.Debug|Any CPU.ActiveCfg = Debug|Any CPU
		{A9EB736F-3B31-4D59-9CC8-12773EC072B7}.Debug|Any CPU.Build.0 = Debug|Any CPU
		{A9EB736F-3B31-4D59-9CC8-12773EC072B7}.Release|Any CPU.ActiveCfg = Release|Any CPU
		{A9EB736F-3B31-4D59-9CC8-12773EC072B7}.Release|Any CPU.Build.0 = Release|Any CPU
	EndGlobalSection
	GlobalSection(SolutionProperties) = preSolution
		HideSolutionNode = FALSE
	EndGlobalSection
	GlobalSection(ExtensibilityGlobals) = postSolution
		SolutionGuid = {616AF2BA-DEE3-43C0-8782-B50A2F29D44A}
	EndGlobalSection
EndGlobal
